
Microsoft Visual Studio Solution File, Format Version 12.00
# Visual Studio Version 17
VisualStudioVersion = 17.7.34221.43
MinimumVisualStudioVersion = 10.0.40219.1
Project("{FAE04EC0-301F-11D3-BF4B-00C04F79EFBC}") = "WebApplication1", "WebApplication1\WebApplication1.csproj", "{3EA9A4A1-80AF-4C11-82AF-7A6660A0A9A2}"
EndProject
Global
	GlobalSection(SolutionConfigurationPlatforms) = preSolution
		Debug|Any CPU = Debug|Any CPU
		Release|Any CPU = Release|Any CPU
	EndGlobalSection
	GlobalSection(ProjectConfigurationPlatforms) = postSolution
		{3EA9A4A1-80AF-4C11-82AF-7A6660A0A9A2}.Debug|Any CPU.ActiveCfg = Debug|Any CPU
		{3EA9A4A1-80AF-4C11-82AF-7A6660A0A9A2}.Debug|Any CPU.Build.0 = Debug|Any CPU
		{3EA9A4A1-80AF-4C11-82AF-7A6660A0A9A2}.Release|Any CPU.ActiveCfg = Release|Any CPU
		{3EA9A4A1-80AF-4C11-82AF-7A6660A0A9A2}.Release|Any CPU.Build.0 = Release|Any CPU
	EndGlobalSection
	GlobalSection(SolutionProperties) = preSolution
		HideSolutionNode = FALSE
	EndGlobalSection
	GlobalSection(ExtensibilityGlobals) = postSolution
		SolutionGuid = {A7FFB5DE-5DFC-4F99-A525-57CFE619A3FC}
	EndGlobalSection
EndGlobal
